// !$*UTF8*$!
{
	archiveVersion = 1;
	classes = {
	};
	objectVersion = 56;
	objects = {

/* Begin PBXBuildFile section */
		C531B7E32C56F3B30021EC06 /* WatchListView.swift in Sources */ = {isa = PBXBuildFile; fileRef = C531B7E22C56F3B30021EC06 /* WatchListView.swift */; };
		C531B7E52C56F4430021EC06 /* WatchListViewModel.swift in Sources */ = {isa = PBXBuildFile; fileRef = C531B7E42C56F4430021EC06 /* WatchListViewModel.swift */; };
		C5B100DD2C519B7C00AFA3A1 /* AppDelegate.swift in Sources */ = {isa = PBXBuildFile; fileRef = C5B100DC2C519B7C00AFA3A1 /* AppDelegate.swift */; };
		C5B100DF2C519B7C00AFA3A1 /* SceneDelegate.swift in Sources */ = {isa = PBXBuildFile; fileRef = C5B100DE2C519B7C00AFA3A1 /* SceneDelegate.swift */; };
		C5B100E62C519B7D00AFA3A1 /* Assets.xcassets in Resources */ = {isa = PBXBuildFile; fileRef = C5B100E52C519B7D00AFA3A1 /* Assets.xcassets */; };
		C5B100E92C519B7D00AFA3A1 /* Base in Resources */ = {isa = PBXBuildFile; fileRef = C5B100E82C519B7D00AFA3A1 /* Base */; };
		C5B100F42C519B7D00AFA3A1 /* StoriMovieTests.swift in Sources */ = {isa = PBXBuildFile; fileRef = C5B100F32C519B7D00AFA3A1 /* StoriMovieTests.swift */; };
		C5B100FE2C519B7D00AFA3A1 /* StoriMovieUITests.swift in Sources */ = {isa = PBXBuildFile; fileRef = C5B100FD2C519B7D00AFA3A1 /* StoriMovieUITests.swift */; };
		C5B101002C519B7D00AFA3A1 /* StoriMovieUITestsLaunchTests.swift in Sources */ = {isa = PBXBuildFile; fileRef = C5B100FF2C519B7D00AFA3A1 /* StoriMovieUITestsLaunchTests.swift */; };
		C5B101172C52D1D700AFA3A1 /* Colors.swift in Sources */ = {isa = PBXBuildFile; fileRef = C5B101162C52D1D700AFA3A1 /* Colors.swift */; };
		C5B1011D2C52E2FA00AFA3A1 /* Fonts.swift in Sources */ = {isa = PBXBuildFile; fileRef = C5B1011C2C52E2FA00AFA3A1 /* Fonts.swift */; };
		C5B1011F2C541B1600AFA3A1 /* HomeView.swift in Sources */ = {isa = PBXBuildFile; fileRef = C5B1011E2C541B1600AFA3A1 /* HomeView.swift */; };
		C5B101212C541BDB00AFA3A1 /* HomeViewModel.swift in Sources */ = {isa = PBXBuildFile; fileRef = C5B101202C541BDB00AFA3A1 /* HomeViewModel.swift */; };
		C5B101232C54292800AFA3A1 /* MovieModel.swift in Sources */ = {isa = PBXBuildFile; fileRef = C5B101222C54292800AFA3A1 /* MovieModel.swift */; };
		C5B101252C542CC800AFA3A1 /* Config.plist in Resources */ = {isa = PBXBuildFile; fileRef = C5B101242C542CC800AFA3A1 /* Config.plist */; };
		C5B1012D2C5451DC00AFA3A1 /* HomeTabBarView.swift in Sources */ = {isa = PBXBuildFile; fileRef = C5B1012C2C5451DC00AFA3A1 /* HomeTabBarView.swift */; };
		C5B1012F2C54611100AFA3A1 /* HomeTabBarViewModel.swift in Sources */ = {isa = PBXBuildFile; fileRef = C5B1012E2C54611100AFA3A1 /* HomeTabBarViewModel.swift */; };
		C5B101322C54618E00AFA3A1 /* HomeTabBarCoordinator.swift in Sources */ = {isa = PBXBuildFile; fileRef = C5B101312C54618E00AFA3A1 /* HomeTabBarCoordinator.swift */; };
		C5B101352C5461E600AFA3A1 /* HomeTabBarFactory.swift in Sources */ = {isa = PBXBuildFile; fileRef = C5B101342C5461E600AFA3A1 /* HomeTabBarFactory.swift */; };
		C5B101392C54636600AFA3A1 /* HomeViewCoordinator.swift in Sources */ = {isa = PBXBuildFile; fileRef = C5B101382C54636600AFA3A1 /* HomeViewCoordinator.swift */; };
		C5B1013B2C54639A00AFA3A1 /* HomeViewFactoryImp.swift in Sources */ = {isa = PBXBuildFile; fileRef = C5B1013A2C54639A00AFA3A1 /* HomeViewFactoryImp.swift */; };
		C5B101422C549AA500AFA3A1 /* MovieInfoView.swift in Sources */ = {isa = PBXBuildFile; fileRef = C5B101412C549AA500AFA3A1 /* MovieInfoView.swift */; };
		C5B101442C549B2800AFA3A1 /* MovieInfoViewModel.swift in Sources */ = {isa = PBXBuildFile; fileRef = C5B101432C549B2800AFA3A1 /* MovieInfoViewModel.swift */; };
		C5B1014E2C554CD800AFA3A1 /* HomeViewRepositoryImp.swift in Sources */ = {isa = PBXBuildFile; fileRef = C5B1014D2C554CD800AFA3A1 /* HomeViewRepositoryImp.swift */; };
		C5B101522C554EEF00AFA3A1 /* HomeViewUseCase.swift in Sources */ = {isa = PBXBuildFile; fileRef = C5B101512C554EEF00AFA3A1 /* HomeViewUseCase.swift */; };
		C5B101542C554F1200AFA3A1 /* HomeViewRepository.swift in Sources */ = {isa = PBXBuildFile; fileRef = C5B101532C554F1200AFA3A1 /* HomeViewRepository.swift */; };
		C5B101562C554FC000AFA3A1 /* Config.swift in Sources */ = {isa = PBXBuildFile; fileRef = C5B101552C554FC000AFA3A1 /* Config.swift */; };
		C5B101592C556BC300AFA3A1 /* MovieCell.swift in Sources */ = {isa = PBXBuildFile; fileRef = C5B101582C556BC300AFA3A1 /* MovieCell.swift */; };
		C5B1015B2C556DA100AFA3A1 /* ImageCache.swift in Sources */ = {isa = PBXBuildFile; fileRef = C5B1015A2C556DA100AFA3A1 /* ImageCache.swift */; };
		C5B101632C55DB6A00AFA3A1 /* flatory-sans-regular.ttf in Resources */ = {isa = PBXBuildFile; fileRef = C5B101602C55DB6A00AFA3A1 /* flatory-sans-regular.ttf */; };
		C5B101642C55DB6A00AFA3A1 /* flatory-sans-light.ttf in Resources */ = {isa = PBXBuildFile; fileRef = C5B101612C55DB6A00AFA3A1 /* flatory-sans-light.ttf */; };
		C5B101652C55DB6A00AFA3A1 /* flatory-sans-bold.ttf in Resources */ = {isa = PBXBuildFile; fileRef = C5B101622C55DB6A00AFA3A1 /* flatory-sans-bold.ttf */; };
		C5B101662C56CD7500AFA3A1 /* SceneDelegate.swift in Sources */ = {isa = PBXBuildFile; fileRef = C5B100DE2C519B7C00AFA3A1 /* SceneDelegate.swift */; };
		C5B101692C56D2FC00AFA3A1 /* UIAlertDialog.swift in Sources */ = {isa = PBXBuildFile; fileRef = C5B101682C56D2FC00AFA3A1 /* UIAlertDialog.swift */; };
/* End PBXBuildFile section */

/* Begin PBXContainerItemProxy section */
		C5B100F02C519B7D00AFA3A1 /* PBXContainerItemProxy */ = {
			isa = PBXContainerItemProxy;
			containerPortal = C5B100D12C519B7C00AFA3A1 /* Project object */;
			proxyType = 1;
			remoteGlobalIDString = C5B100D82C519B7C00AFA3A1;
			remoteInfo = StoriMovie;
		};
		C5B100FA2C519B7D00AFA3A1 /* PBXContainerItemProxy */ = {
			isa = PBXContainerItemProxy;
			containerPortal = C5B100D12C519B7C00AFA3A1 /* Project object */;
			proxyType = 1;
			remoteGlobalIDString = C5B100D82C519B7C00AFA3A1;
			remoteInfo = StoriMovie;
		};
/* End PBXContainerItemProxy section */

/* Begin PBXFileReference section */
		C531B7E22C56F3B30021EC06 /* WatchListView.swift */ = {isa = PBXFileReference; lastKnownFileType = sourcecode.swift; path = WatchListView.swift; sourceTree = "<group>"; };
		C531B7E42C56F4430021EC06 /* WatchListViewModel.swift */ = {isa = PBXFileReference; lastKnownFileType = sourcecode.swift; path = WatchListViewModel.swift; sourceTree = "<group>"; };
		C5B100D92C519B7C00AFA3A1 /* StoriMovie.app */ = {isa = PBXFileReference; explicitFileType = wrapper.application; includeInIndex = 0; path = StoriMovie.app; sourceTree = BUILT_PRODUCTS_DIR; };
		C5B100DC2C519B7C00AFA3A1 /* AppDelegate.swift */ = {isa = PBXFileReference; lastKnownFileType = sourcecode.swift; path = AppDelegate.swift; sourceTree = "<group>"; };
		C5B100DE2C519B7C00AFA3A1 /* SceneDelegate.swift */ = {isa = PBXFileReference; lastKnownFileType = sourcecode.swift; path = SceneDelegate.swift; sourceTree = "<group>"; };
		C5B100E52C519B7D00AFA3A1 /* Assets.xcassets */ = {isa = PBXFileReference; lastKnownFileType = folder.assetcatalog; path = Assets.xcassets; sourceTree = "<group>"; };
		C5B100E82C519B7D00AFA3A1 /* Base */ = {isa = PBXFileReference; lastKnownFileType = file.storyboard; name = Base; path = Base.lproj/LaunchScreen.storyboard; sourceTree = "<group>"; };
		C5B100EA2C519B7D00AFA3A1 /* Info.plist */ = {isa = PBXFileReference; lastKnownFileType = text.plist.xml; path = Info.plist; sourceTree = "<group>"; };
		C5B100EF2C519B7D00AFA3A1 /* StoriMovieTests.xctest */ = {isa = PBXFileReference; explicitFileType = wrapper.cfbundle; includeInIndex = 0; path = StoriMovieTests.xctest; sourceTree = BUILT_PRODUCTS_DIR; };
		C5B100F32C519B7D00AFA3A1 /* StoriMovieTests.swift */ = {isa = PBXFileReference; lastKnownFileType = sourcecode.swift; path = StoriMovieTests.swift; sourceTree = "<group>"; };
		C5B100F92C519B7D00AFA3A1 /* StoriMovieUITests.xctest */ = {isa = PBXFileReference; explicitFileType = wrapper.cfbundle; includeInIndex = 0; path = StoriMovieUITests.xctest; sourceTree = BUILT_PRODUCTS_DIR; };
		C5B100FD2C519B7D00AFA3A1 /* StoriMovieUITests.swift */ = {isa = PBXFileReference; lastKnownFileType = sourcecode.swift; path = StoriMovieUITests.swift; sourceTree = "<group>"; };
		C5B100FF2C519B7D00AFA3A1 /* StoriMovieUITestsLaunchTests.swift */ = {isa = PBXFileReference; lastKnownFileType = sourcecode.swift; path = StoriMovieUITestsLaunchTests.swift; sourceTree = "<group>"; };
		C5B101162C52D1D700AFA3A1 /* Colors.swift */ = {isa = PBXFileReference; lastKnownFileType = sourcecode.swift; path = Colors.swift; sourceTree = "<group>"; };
		C5B1011C2C52E2FA00AFA3A1 /* Fonts.swift */ = {isa = PBXFileReference; lastKnownFileType = sourcecode.swift; path = Fonts.swift; sourceTree = "<group>"; };
		C5B1011E2C541B1600AFA3A1 /* HomeView.swift */ = {isa = PBXFileReference; lastKnownFileType = sourcecode.swift; path = HomeView.swift; sourceTree = "<group>"; };
		C5B101202C541BDB00AFA3A1 /* HomeViewModel.swift */ = {isa = PBXFileReference; lastKnownFileType = sourcecode.swift; path = HomeViewModel.swift; sourceTree = "<group>"; };
		C5B101222C54292800AFA3A1 /* MovieModel.swift */ = {isa = PBXFileReference; lastKnownFileType = sourcecode.swift; path = MovieModel.swift; sourceTree = "<group>"; };
		C5B101242C542CC800AFA3A1 /* Config.plist */ = {isa = PBXFileReference; lastKnownFileType = text.plist.xml; path = Config.plist; sourceTree = "<group>"; };
		C5B1012C2C5451DC00AFA3A1 /* HomeTabBarView.swift */ = {isa = PBXFileReference; lastKnownFileType = sourcecode.swift; path = HomeTabBarView.swift; sourceTree = "<group>"; };
		C5B1012E2C54611100AFA3A1 /* HomeTabBarViewModel.swift */ = {isa = PBXFileReference; lastKnownFileType = sourcecode.swift; path = HomeTabBarViewModel.swift; sourceTree = "<group>"; };
		C5B101312C54618E00AFA3A1 /* HomeTabBarCoordinator.swift */ = {isa = PBXFileReference; lastKnownFileType = sourcecode.swift; path = HomeTabBarCoordinator.swift; sourceTree = "<group>"; };
		C5B101342C5461E600AFA3A1 /* HomeTabBarFactory.swift */ = {isa = PBXFileReference; lastKnownFileType = sourcecode.swift; path = HomeTabBarFactory.swift; sourceTree = "<group>"; };
		C5B101382C54636600AFA3A1 /* HomeViewCoordinator.swift */ = {isa = PBXFileReference; lastKnownFileType = sourcecode.swift; path = HomeViewCoordinator.swift; sourceTree = "<group>"; };
		C5B1013A2C54639A00AFA3A1 /* HomeViewFactoryImp.swift */ = {isa = PBXFileReference; lastKnownFileType = sourcecode.swift; path = HomeViewFactoryImp.swift; sourceTree = "<group>"; };
		C5B101412C549AA500AFA3A1 /* MovieInfoView.swift */ = {isa = PBXFileReference; lastKnownFileType = sourcecode.swift; path = MovieInfoView.swift; sourceTree = "<group>"; };
		C5B101432C549B2800AFA3A1 /* MovieInfoViewModel.swift */ = {isa = PBXFileReference; lastKnownFileType = sourcecode.swift; path = MovieInfoViewModel.swift; sourceTree = "<group>"; };
		C5B1014D2C554CD800AFA3A1 /* HomeViewRepositoryImp.swift */ = {isa = PBXFileReference; lastKnownFileType = sourcecode.swift; path = HomeViewRepositoryImp.swift; sourceTree = "<group>"; };
		C5B101512C554EEF00AFA3A1 /* HomeViewUseCase.swift */ = {isa = PBXFileReference; lastKnownFileType = sourcecode.swift; path = HomeViewUseCase.swift; sourceTree = "<group>"; };
		C5B101532C554F1200AFA3A1 /* HomeViewRepository.swift */ = {isa = PBXFileReference; lastKnownFileType = sourcecode.swift; path = HomeViewRepository.swift; sourceTree = "<group>"; };
		C5B101552C554FC000AFA3A1 /* Config.swift */ = {isa = PBXFileReference; lastKnownFileType = sourcecode.swift; path = Config.swift; sourceTree = "<group>"; };
		C5B101582C556BC300AFA3A1 /* MovieCell.swift */ = {isa = PBXFileReference; lastKnownFileType = sourcecode.swift; path = MovieCell.swift; sourceTree = "<group>"; };
		C5B1015A2C556DA100AFA3A1 /* ImageCache.swift */ = {isa = PBXFileReference; lastKnownFileType = sourcecode.swift; path = ImageCache.swift; sourceTree = "<group>"; };
		C5B101602C55DB6A00AFA3A1 /* flatory-sans-regular.ttf */ = {isa = PBXFileReference; lastKnownFileType = file; path = "flatory-sans-regular.ttf"; sourceTree = "<group>"; };
		C5B101612C55DB6A00AFA3A1 /* flatory-sans-light.ttf */ = {isa = PBXFileReference; lastKnownFileType = file; path = "flatory-sans-light.ttf"; sourceTree = "<group>"; };
		C5B101622C55DB6A00AFA3A1 /* flatory-sans-bold.ttf */ = {isa = PBXFileReference; lastKnownFileType = file; path = "flatory-sans-bold.ttf"; sourceTree = "<group>"; };
		C5B101682C56D2FC00AFA3A1 /* UIAlertDialog.swift */ = {isa = PBXFileReference; lastKnownFileType = sourcecode.swift; path = UIAlertDialog.swift; sourceTree = "<group>"; };
/* End PBXFileReference section */

/* Begin PBXFrameworksBuildPhase section */
		C5B100D62C519B7C00AFA3A1 /* Frameworks */ = {
			isa = PBXFrameworksBuildPhase;
			buildActionMask = 2147483647;
			files = (
			);
			runOnlyForDeploymentPostprocessing = 0;
		};
		C5B100EC2C519B7D00AFA3A1 /* Frameworks */ = {
			isa = PBXFrameworksBuildPhase;
			buildActionMask = 2147483647;
			files = (
			);
			runOnlyForDeploymentPostprocessing = 0;
		};
		C5B100F62C519B7D00AFA3A1 /* Frameworks */ = {
			isa = PBXFrameworksBuildPhase;
			buildActionMask = 2147483647;
			files = (
			);
			runOnlyForDeploymentPostprocessing = 0;
		};
/* End PBXFrameworksBuildPhase section */

/* Begin PBXGroup section */
		C531B7DF2C56F3590021EC06 /* Presentation */ = {
			isa = PBXGroup;
			children = (
				C531B7E12C56F3650021EC06 /* ViewModel */,
				C531B7E02C56F3600021EC06 /* View */,
			);
			path = Presentation;
			sourceTree = "<group>";
		};
		C531B7E02C56F3600021EC06 /* View */ = {
			isa = PBXGroup;
			children = (
				C531B7E22C56F3B30021EC06 /* WatchListView.swift */,
			);
			path = View;
			sourceTree = "<group>";
		};
		C531B7E12C56F3650021EC06 /* ViewModel */ = {
			isa = PBXGroup;
			children = (
				C531B7E42C56F4430021EC06 /* WatchListViewModel.swift */,
			);
			path = ViewModel;
			sourceTree = "<group>";
		};
		C5B100D02C519B7C00AFA3A1 = {
			isa = PBXGroup;
			children = (
				C5B100DB2C519B7C00AFA3A1 /* StoriMovie */,
				C5B100F22C519B7D00AFA3A1 /* StoriMovieTests */,
				C5B100FC2C519B7D00AFA3A1 /* StoriMovieUITests */,
				C5B100DA2C519B7C00AFA3A1 /* Products */,
			);
			sourceTree = "<group>";
		};
		C5B100DA2C519B7C00AFA3A1 /* Products */ = {
			isa = PBXGroup;
			children = (
				C5B100D92C519B7C00AFA3A1 /* StoriMovie.app */,
				C5B100EF2C519B7D00AFA3A1 /* StoriMovieTests.xctest */,
				C5B100F92C519B7D00AFA3A1 /* StoriMovieUITests.xctest */,
			);
			name = Products;
			sourceTree = "<group>";
		};
		C5B100DB2C519B7C00AFA3A1 /* StoriMovie */ = {
			isa = PBXGroup;
			children = (
				C5B101242C542CC800AFA3A1 /* Config.plist */,
				C5B100EA2C519B7D00AFA3A1 /* Info.plist */,
				C5B101552C554FC000AFA3A1 /* Config.swift */,
				C5B100DC2C519B7C00AFA3A1 /* AppDelegate.swift */,
				C5B100DE2C519B7C00AFA3A1 /* SceneDelegate.swift */,
				C5B100E52C519B7D00AFA3A1 /* Assets.xcassets */,
				C5B1010C2C519CA100AFA3A1 /* Home */,
				C5B1010D2C519CC000AFA3A1 /* MovieInfo */,
				C5B101262C544E0100AFA3A1 /* TabBar */,
				C5B101452C54B36F00AFA3A1 /* WatchList */,
				C5B1010E2C51A0D300AFA3A1 /* Utils */,
				C5B100E72C519B7D00AFA3A1 /* LaunchScreen.storyboard */,
			);
			path = StoriMovie;
			sourceTree = "<group>";
		};
		C5B100F22C519B7D00AFA3A1 /* StoriMovieTests */ = {
			isa = PBXGroup;
			children = (
				C5B100F32C519B7D00AFA3A1 /* StoriMovieTests.swift */,
			);
			path = StoriMovieTests;
			sourceTree = "<group>";
		};
		C5B100FC2C519B7D00AFA3A1 /* StoriMovieUITests */ = {
			isa = PBXGroup;
			children = (
				C5B100FD2C519B7D00AFA3A1 /* StoriMovieUITests.swift */,
				C5B100FF2C519B7D00AFA3A1 /* StoriMovieUITestsLaunchTests.swift */,
			);
			path = StoriMovieUITests;
			sourceTree = "<group>";
		};
		C5B1010C2C519CA100AFA3A1 /* Home */ = {
			isa = PBXGroup;
			children = (
				C5B1010F2C52BD3400AFA3A1 /* Composition */,
				C5B101102C52BD3C00AFA3A1 /* Scenes */,
			);
			path = Home;
			sourceTree = "<group>";
		};
		C5B1010D2C519CC000AFA3A1 /* MovieInfo */ = {
			isa = PBXGroup;
			children = (
				C5B1013D2C54652B00AFA3A1 /* Scenes */,
				C5B1013C2C54652200AFA3A1 /* Composition */,
			);
			path = MovieInfo;
			sourceTree = "<group>";
		};
		C5B1010E2C51A0D300AFA3A1 /* Utils */ = {
			isa = PBXGroup;
			children = (
				C5B101672C56D21200AFA3A1 /* UIAlerts */,
				C5B101182C52E05D00AFA3A1 /* Fonts */,
				C5B101162C52D1D700AFA3A1 /* Colors.swift */,
				C5B1011C2C52E2FA00AFA3A1 /* Fonts.swift */,
			);
			path = Utils;
			sourceTree = "<group>";
		};
		C5B1010F2C52BD3400AFA3A1 /* Composition */ = {
			isa = PBXGroup;
			children = (
				C5B101372C5462BF00AFA3A1 /* Coordinator */,
				C5B101362C5462B800AFA3A1 /* Factory */,
			);
			path = Composition;
			sourceTree = "<group>";
		};
		C5B101102C52BD3C00AFA3A1 /* Scenes */ = {
			isa = PBXGroup;
			children = (
				C5B1014B2C54C2E100AFA3A1 /* Domain */,
				C5B1014A2C54C2DC00AFA3A1 /* Data */,
				C5B101112C52BD5100AFA3A1 /* Presentation */,
			);
			path = Scenes;
			sourceTree = "<group>";
		};
		C5B101112C52BD5100AFA3A1 /* Presentation */ = {
			isa = PBXGroup;
			children = (
				C5B101572C556AD500AFA3A1 /* MovieCell */,
				C5B101152C52C21500AFA3A1 /* Model */,
				C5B101132C52C00E00AFA3A1 /* ViewModel */,
				C5B101122C52C00800AFA3A1 /* View */,
			);
			path = Presentation;
			sourceTree = "<group>";
		};
		C5B101122C52C00800AFA3A1 /* View */ = {
			isa = PBXGroup;
			children = (
				C5B1011E2C541B1600AFA3A1 /* HomeView.swift */,
			);
			path = View;
			sourceTree = "<group>";
		};
		C5B101132C52C00E00AFA3A1 /* ViewModel */ = {
			isa = PBXGroup;
			children = (
				C5B101202C541BDB00AFA3A1 /* HomeViewModel.swift */,
			);
			path = ViewModel;
			sourceTree = "<group>";
		};
		C5B101152C52C21500AFA3A1 /* Model */ = {
			isa = PBXGroup;
			children = (
				C5B101222C54292800AFA3A1 /* MovieModel.swift */,
			);
			path = Model;
			sourceTree = "<group>";
		};
		C5B101182C52E05D00AFA3A1 /* Fonts */ = {
			isa = PBXGroup;
			children = (
				C5B101622C55DB6A00AFA3A1 /* flatory-sans-bold.ttf */,
				C5B101612C55DB6A00AFA3A1 /* flatory-sans-light.ttf */,
				C5B101602C55DB6A00AFA3A1 /* flatory-sans-regular.ttf */,
			);
			path = Fonts;
			sourceTree = "<group>";
		};
		C5B101262C544E0100AFA3A1 /* TabBar */ = {
			isa = PBXGroup;
			children = (
				C5B101272C544E0A00AFA3A1 /* Composition */,
				C5B1012A2C544E2300AFA3A1 /* Scenes */,
			);
			path = TabBar;
			sourceTree = "<group>";
		};
		C5B101272C544E0A00AFA3A1 /* Composition */ = {
			isa = PBXGroup;
			children = (
				C5B101332C5461A100AFA3A1 /* Factories */,
				C5B101302C54617800AFA3A1 /* Coordinator */,
			);
			path = Composition;
			sourceTree = "<group>";
		};
		C5B101282C544E1100AFA3A1 /* Presentation */ = {
			isa = PBXGroup;
			children = (
				C5B1012B2C54518400AFA3A1 /* ViewModel */,
				C5B101292C544E1800AFA3A1 /* View */,
			);
			path = Presentation;
			sourceTree = "<group>";
		};
		C5B101292C544E1800AFA3A1 /* View */ = {
			isa = PBXGroup;
			children = (
				C5B1012C2C5451DC00AFA3A1 /* HomeTabBarView.swift */,
			);
			path = View;
			sourceTree = "<group>";
		};
		C5B1012A2C544E2300AFA3A1 /* Scenes */ = {
			isa = PBXGroup;
			children = (
				C5B101282C544E1100AFA3A1 /* Presentation */,
			);
			path = Scenes;
			sourceTree = "<group>";
		};
		C5B1012B2C54518400AFA3A1 /* ViewModel */ = {
			isa = PBXGroup;
			children = (
				C5B1012E2C54611100AFA3A1 /* HomeTabBarViewModel.swift */,
			);
			path = ViewModel;
			sourceTree = "<group>";
		};
		C5B101302C54617800AFA3A1 /* Coordinator */ = {
			isa = PBXGroup;
			children = (
				C5B101312C54618E00AFA3A1 /* HomeTabBarCoordinator.swift */,
			);
			path = Coordinator;
			sourceTree = "<group>";
		};
		C5B101332C5461A100AFA3A1 /* Factories */ = {
			isa = PBXGroup;
			children = (
				C5B101342C5461E600AFA3A1 /* HomeTabBarFactory.swift */,
			);
			path = Factories;
			sourceTree = "<group>";
		};
		C5B101362C5462B800AFA3A1 /* Factory */ = {
			isa = PBXGroup;
			children = (
				C5B1013A2C54639A00AFA3A1 /* HomeViewFactoryImp.swift */,
			);
			path = Factory;
			sourceTree = "<group>";
		};
		C5B101372C5462BF00AFA3A1 /* Coordinator */ = {
			isa = PBXGroup;
			children = (
				C5B101382C54636600AFA3A1 /* HomeViewCoordinator.swift */,
			);
			path = Coordinator;
			sourceTree = "<group>";
		};
		C5B1013C2C54652200AFA3A1 /* Composition */ = {
			isa = PBXGroup;
			children = (
			);
			path = Composition;
			sourceTree = "<group>";
		};
		C5B1013D2C54652B00AFA3A1 /* Scenes */ = {
			isa = PBXGroup;
			children = (
				C5B1013E2C549A5600AFA3A1 /* Presentation */,
			);
			path = Scenes;
			sourceTree = "<group>";
		};
		C5B1013E2C549A5600AFA3A1 /* Presentation */ = {
			isa = PBXGroup;
			children = (
				C5B101402C549A6E00AFA3A1 /* ViewModel */,
				C5B1013F2C549A6800AFA3A1 /* View */,
			);
			path = Presentation;
			sourceTree = "<group>";
		};
		C5B1013F2C549A6800AFA3A1 /* View */ = {
			isa = PBXGroup;
			children = (
				C5B101412C549AA500AFA3A1 /* MovieInfoView.swift */,
			);
			path = View;
			sourceTree = "<group>";
		};
		C5B101402C549A6E00AFA3A1 /* ViewModel */ = {
			isa = PBXGroup;
			children = (
				C5B101432C549B2800AFA3A1 /* MovieInfoViewModel.swift */,
			);
			path = ViewModel;
			sourceTree = "<group>";
		};
		C5B101452C54B36F00AFA3A1 /* WatchList */ = {
			isa = PBXGroup;
			children = (
				C5B101492C54B4F400AFA3A1 /* Scenes */,
				C5B101482C54B4E400AFA3A1 /* Composition */,
			);
			path = WatchList;
			sourceTree = "<group>";
		};
		C5B101482C54B4E400AFA3A1 /* Composition */ = {
			isa = PBXGroup;
			children = (
			);
			path = Composition;
			sourceTree = "<group>";
		};
		C5B101492C54B4F400AFA3A1 /* Scenes */ = {
			isa = PBXGroup;
			children = (
				C531B7DF2C56F3590021EC06 /* Presentation */,
			);
			path = Scenes;
			sourceTree = "<group>";
		};
		C5B1014A2C54C2DC00AFA3A1 /* Data */ = {
			isa = PBXGroup;
			children = (
				C5B1014C2C554C7E00AFA3A1 /* RepositoryImplementation */,
			);
			path = Data;
			sourceTree = "<group>";
		};
		C5B1014B2C54C2E100AFA3A1 /* Domain */ = {
			isa = PBXGroup;
			children = (
				C5B101502C554D0D00AFA3A1 /* Repository */,
				C5B1014F2C554D0400AFA3A1 /* UseCases */,
			);
			path = Domain;
			sourceTree = "<group>";
		};
		C5B1014C2C554C7E00AFA3A1 /* RepositoryImplementation */ = {
			isa = PBXGroup;
			children = (
				C5B1014D2C554CD800AFA3A1 /* HomeViewRepositoryImp.swift */,
			);
			path = RepositoryImplementation;
			sourceTree = "<group>";
		};
		C5B1014F2C554D0400AFA3A1 /* UseCases */ = {
			isa = PBXGroup;
			children = (
				C5B101512C554EEF00AFA3A1 /* HomeViewUseCase.swift */,
			);
			path = UseCases;
			sourceTree = "<group>";
		};
		C5B101502C554D0D00AFA3A1 /* Repository */ = {
			isa = PBXGroup;
			children = (
				C5B101532C554F1200AFA3A1 /* HomeViewRepository.swift */,
			);
			path = Repository;
			sourceTree = "<group>";
		};
		C5B101572C556AD500AFA3A1 /* MovieCell */ = {
			isa = PBXGroup;
			children = (
				C5B101582C556BC300AFA3A1 /* MovieCell.swift */,
				C5B1015A2C556DA100AFA3A1 /* ImageCache.swift */,
			);
			path = MovieCell;
			sourceTree = "<group>";
		};
		C5B101672C56D21200AFA3A1 /* UIAlerts */ = {
			isa = PBXGroup;
			children = (
				C5B101682C56D2FC00AFA3A1 /* UIAlertDialog.swift */,
			);
			path = UIAlerts;
			sourceTree = "<group>";
		};
/* End PBXGroup section */

/* Begin PBXNativeTarget section */
		C5B100D82C519B7C00AFA3A1 /* StoriMovie */ = {
			isa = PBXNativeTarget;
			buildConfigurationList = C5B101032C519B7D00AFA3A1 /* Build configuration list for PBXNativeTarget "StoriMovie" */;
			buildPhases = (
				C5B100D52C519B7C00AFA3A1 /* Sources */,
				C5B100D62C519B7C00AFA3A1 /* Frameworks */,
				C5B100D72C519B7C00AFA3A1 /* Resources */,
			);
			buildRules = (
			);
			dependencies = (
			);
			name = StoriMovie;
			productName = StoriMovie;
			productReference = C5B100D92C519B7C00AFA3A1 /* StoriMovie.app */;
			productType = "com.apple.product-type.application";
		};
		C5B100EE2C519B7D00AFA3A1 /* StoriMovieTests */ = {
			isa = PBXNativeTarget;
			buildConfigurationList = C5B101062C519B7D00AFA3A1 /* Build configuration list for PBXNativeTarget "StoriMovieTests" */;
			buildPhases = (
				C5B100EB2C519B7D00AFA3A1 /* Sources */,
				C5B100EC2C519B7D00AFA3A1 /* Frameworks */,
				C5B100ED2C519B7D00AFA3A1 /* Resources */,
			);
			buildRules = (
			);
			dependencies = (
				C5B100F12C519B7D00AFA3A1 /* PBXTargetDependency */,
			);
			name = StoriMovieTests;
			productName = StoriMovieTests;
			productReference = C5B100EF2C519B7D00AFA3A1 /* StoriMovieTests.xctest */;
			productType = "com.apple.product-type.bundle.unit-test";
		};
		C5B100F82C519B7D00AFA3A1 /* StoriMovieUITests */ = {
			isa = PBXNativeTarget;
			buildConfigurationList = C5B101092C519B7D00AFA3A1 /* Build configuration list for PBXNativeTarget "StoriMovieUITests" */;
			buildPhases = (
				C5B100F52C519B7D00AFA3A1 /* Sources */,
				C5B100F62C519B7D00AFA3A1 /* Frameworks */,
				C5B100F72C519B7D00AFA3A1 /* Resources */,
			);
			buildRules = (
			);
			dependencies = (
				C5B100FB2C519B7D00AFA3A1 /* PBXTargetDependency */,
			);
			name = StoriMovieUITests;
			productName = StoriMovieUITests;
			productReference = C5B100F92C519B7D00AFA3A1 /* StoriMovieUITests.xctest */;
			productType = "com.apple.product-type.bundle.ui-testing";
		};
/* End PBXNativeTarget section */

/* Begin PBXProject section */
		C5B100D12C519B7C00AFA3A1 /* Project object */ = {
			isa = PBXProject;
			attributes = {
				BuildIndependentTargetsInParallel = 1;
				LastSwiftUpdateCheck = 1540;
				LastUpgradeCheck = 1540;
				TargetAttributes = {
					C5B100D82C519B7C00AFA3A1 = {
						CreatedOnToolsVersion = 15.4;
					};
					C5B100EE2C519B7D00AFA3A1 = {
						CreatedOnToolsVersion = 15.4;
						TestTargetID = C5B100D82C519B7C00AFA3A1;
					};
					C5B100F82C519B7D00AFA3A1 = {
						CreatedOnToolsVersion = 15.4;
						TestTargetID = C5B100D82C519B7C00AFA3A1;
					};
				};
			};
			buildConfigurationList = C5B100D42C519B7C00AFA3A1 /* Build configuration list for PBXProject "StoriMovie" */;
			compatibilityVersion = "Xcode 14.0";
			developmentRegion = en;
			hasScannedForEncodings = 0;
			knownRegions = (
				en,
				Base,
			);
			mainGroup = C5B100D02C519B7C00AFA3A1;
			productRefGroup = C5B100DA2C519B7C00AFA3A1 /* Products */;
			projectDirPath = "";
			projectRoot = "";
			targets = (
				C5B100D82C519B7C00AFA3A1 /* StoriMovie */,
				C5B100EE2C519B7D00AFA3A1 /* StoriMovieTests */,
				C5B100F82C519B7D00AFA3A1 /* StoriMovieUITests */,
			);
		};
/* End PBXProject section */

/* Begin PBXResourcesBuildPhase section */
		C5B100D72C519B7C00AFA3A1 /* Resources */ = {
			isa = PBXResourcesBuildPhase;
			buildActionMask = 2147483647;
			files = (
				C5B101642C55DB6A00AFA3A1 /* flatory-sans-light.ttf in Resources */,
				C5B100E62C519B7D00AFA3A1 /* Assets.xcassets in Resources */,
				C5B101252C542CC800AFA3A1 /* Config.plist in Resources */,
				C5B101632C55DB6A00AFA3A1 /* flatory-sans-regular.ttf in Resources */,
				C5B101652C55DB6A00AFA3A1 /* flatory-sans-bold.ttf in Resources */,
				C5B100E92C519B7D00AFA3A1 /* Base in Resources */,
			);
			runOnlyForDeploymentPostprocessing = 0;
		};
		C5B100ED2C519B7D00AFA3A1 /* Resources */ = {
			isa = PBXResourcesBuildPhase;
			buildActionMask = 2147483647;
			files = (
			);
			runOnlyForDeploymentPostprocessing = 0;
		};
		C5B100F72C519B7D00AFA3A1 /* Resources */ = {
			isa = PBXResourcesBuildPhase;
			buildActionMask = 2147483647;
			files = (
			);
			runOnlyForDeploymentPostprocessing = 0;
		};
/* End PBXResourcesBuildPhase section */

/* Begin PBXSourcesBuildPhase section */
		C5B100D52C519B7C00AFA3A1 /* Sources */ = {
			isa = PBXSourcesBuildPhase;
			buildActionMask = 2147483647;
			files = (
				C5B1014E2C554CD800AFA3A1 /* HomeViewRepositoryImp.swift in Sources */,
				C5B101542C554F1200AFA3A1 /* HomeViewRepository.swift in Sources */,
				C5B101392C54636600AFA3A1 /* HomeViewCoordinator.swift in Sources */,
				C5B101232C54292800AFA3A1 /* MovieModel.swift in Sources */,
				C5B101562C554FC000AFA3A1 /* Config.swift in Sources */,
				C5B101592C556BC300AFA3A1 /* MovieCell.swift in Sources */,
				C5B1011D2C52E2FA00AFA3A1 /* Fonts.swift in Sources */,
				C5B101212C541BDB00AFA3A1 /* HomeViewModel.swift in Sources */,
				C5B101172C52D1D700AFA3A1 /* Colors.swift in Sources */,
				C5B101422C549AA500AFA3A1 /* MovieInfoView.swift in Sources */,
				C5B101442C549B2800AFA3A1 /* MovieInfoViewModel.swift in Sources */,
				C5B101352C5461E600AFA3A1 /* HomeTabBarFactory.swift in Sources */,
				C5B1015B2C556DA100AFA3A1 /* ImageCache.swift in Sources */,
				C531B7E32C56F3B30021EC06 /* WatchListView.swift in Sources */,
				C5B100DD2C519B7C00AFA3A1 /* AppDelegate.swift in Sources */,
				C5B1012F2C54611100AFA3A1 /* HomeTabBarViewModel.swift in Sources */,
				C5B1011F2C541B1600AFA3A1 /* HomeView.swift in Sources */,
				C5B100DF2C519B7C00AFA3A1 /* SceneDelegate.swift in Sources */,
				C531B7E52C56F4430021EC06 /* WatchListViewModel.swift in Sources */,
				C5B1013B2C54639A00AFA3A1 /* HomeViewFactoryImp.swift in Sources */,
				C5B101692C56D2FC00AFA3A1 /* UIAlertDialog.swift in Sources */,
				C5B1012D2C5451DC00AFA3A1 /* HomeTabBarView.swift in Sources */,
				C5B101522C554EEF00AFA3A1 /* HomeViewUseCase.swift in Sources */,
				C5B101322C54618E00AFA3A1 /* HomeTabBarCoordinator.swift in Sources */,
			);
			runOnlyForDeploymentPostprocessing = 0;
		};
		C5B100EB2C519B7D00AFA3A1 /* Sources */ = {
			isa = PBXSourcesBuildPhase;
			buildActionMask = 2147483647;
			files = (
				C5B100F42C519B7D00AFA3A1 /* StoriMovieTests.swift in Sources */,
			);
			runOnlyForDeploymentPostprocessing = 0;
		};
		C5B100F52C519B7D00AFA3A1 /* Sources */ = {
			isa = PBXSourcesBuildPhase;
			buildActionMask = 2147483647;
			files = (
				C5B100FE2C519B7D00AFA3A1 /* StoriMovieUITests.swift in Sources */,
				C5B101002C519B7D00AFA3A1 /* StoriMovieUITestsLaunchTests.swift in Sources */,
				C5B101662C56CD7500AFA3A1 /* SceneDelegate.swift in Sources */,
			);
			runOnlyForDeploymentPostprocessing = 0;
		};
/* End PBXSourcesBuildPhase section */

/* Begin PBXTargetDependency section */
		C5B100F12C519B7D00AFA3A1 /* PBXTargetDependency */ = {
			isa = PBXTargetDependency;
			target = C5B100D82C519B7C00AFA3A1 /* StoriMovie */;
			targetProxy = C5B100F02C519B7D00AFA3A1 /* PBXContainerItemProxy */;
		};
		C5B100FB2C519B7D00AFA3A1 /* PBXTargetDependency */ = {
			isa = PBXTargetDependency;
			target = C5B100D82C519B7C00AFA3A1 /* StoriMovie */;
			targetProxy = C5B100FA2C519B7D00AFA3A1 /* PBXContainerItemProxy */;
		};
/* End PBXTargetDependency section */

/* Begin PBXVariantGroup section */
		C5B100E72C519B7D00AFA3A1 /* LaunchScreen.storyboard */ = {
			isa = PBXVariantGroup;
			children = (
				C5B100E82C519B7D00AFA3A1 /* Base */,
			);
			name = LaunchScreen.storyboard;
			sourceTree = "<group>";
		};
/* End PBXVariantGroup section */

/* Begin XCBuildConfiguration section */
		C5B101012C519B7D00AFA3A1 /* Debug */ = {
			isa = XCBuildConfiguration;
			buildSettings = {
				ALWAYS_SEARCH_USER_PATHS = NO;
				ASSETCATALOG_COMPILER_GENERATE_SWIFT_ASSET_SYMBOL_EXTENSIONS = YES;
				CLANG_ANALYZER_NONNULL = YES;
				CLANG_ANALYZER_NUMBER_OBJECT_CONVERSION = YES_AGGRESSIVE;
				CLANG_CXX_LANGUAGE_STANDARD = "gnu++20";
				CLANG_ENABLE_MODULES = YES;
				CLANG_ENABLE_OBJC_ARC = YES;
				CLANG_ENABLE_OBJC_WEAK = YES;
				CLANG_WARN_BLOCK_CAPTURE_AUTORELEASING = YES;
				CLANG_WARN_BOOL_CONVERSION = YES;
				CLANG_WARN_COMMA = YES;
				CLANG_WARN_CONSTANT_CONVERSION = YES;
				CLANG_WARN_DEPRECATED_OBJC_IMPLEMENTATIONS = YES;
				CLANG_WARN_DIRECT_OBJC_ISA_USAGE = YES_ERROR;
				CLANG_WARN_DOCUMENTATION_COMMENTS = YES;
				CLANG_WARN_EMPTY_BODY = YES;
				CLANG_WARN_ENUM_CONVERSION = YES;
				CLANG_WARN_INFINITE_RECURSION = YES;
				CLANG_WARN_INT_CONVERSION = YES;
				CLANG_WARN_NON_LITERAL_NULL_CONVERSION = YES;
				CLANG_WARN_OBJC_IMPLICIT_RETAIN_SELF = YES;
				CLANG_WARN_OBJC_LITERAL_CONVERSION = YES;
				CLANG_WARN_OBJC_ROOT_CLASS = YES_ERROR;
				CLANG_WARN_QUOTED_INCLUDE_IN_FRAMEWORK_HEADER = YES;
				CLANG_WARN_RANGE_LOOP_ANALYSIS = YES;
				CLANG_WARN_STRICT_PROTOTYPES = YES;
				CLANG_WARN_SUSPICIOUS_MOVE = YES;
				CLANG_WARN_UNGUARDED_AVAILABILITY = YES_AGGRESSIVE;
				CLANG_WARN_UNREACHABLE_CODE = YES;
				CLANG_WARN__DUPLICATE_METHOD_MATCH = YES;
				COPY_PHASE_STRIP = NO;
				DEBUG_INFORMATION_FORMAT = dwarf;
				ENABLE_STRICT_OBJC_MSGSEND = YES;
				ENABLE_TESTABILITY = YES;
				ENABLE_USER_SCRIPT_SANDBOXING = YES;
				GCC_C_LANGUAGE_STANDARD = gnu17;
				GCC_DYNAMIC_NO_PIC = NO;
				GCC_NO_COMMON_BLOCKS = YES;
				GCC_OPTIMIZATION_LEVEL = 0;
				GCC_PREPROCESSOR_DEFINITIONS = (
					"DEBUG=1",
					"$(inherited)",
				);
				GCC_WARN_64_TO_32_BIT_CONVERSION = YES;
				GCC_WARN_ABOUT_RETURN_TYPE = YES_ERROR;
				GCC_WARN_UNDECLARED_SELECTOR = YES;
				GCC_WARN_UNINITIALIZED_AUTOS = YES_AGGRESSIVE;
				GCC_WARN_UNUSED_FUNCTION = YES;
				GCC_WARN_UNUSED_VARIABLE = YES;
				IPHONEOS_DEPLOYMENT_TARGET = 17.5;
				LOCALIZATION_PREFERS_STRING_CATALOGS = YES;
				MTL_ENABLE_DEBUG_INFO = INCLUDE_SOURCE;
				MTL_FAST_MATH = YES;
				ONLY_ACTIVE_ARCH = YES;
				SDKROOT = iphoneos;
				SWIFT_ACTIVE_COMPILATION_CONDITIONS = "DEBUG $(inherited)";
				SWIFT_OPTIMIZATION_LEVEL = "-Onone";
			};
			name = Debug;
		};
		C5B101022C519B7D00AFA3A1 /* Release */ = {
			isa = XCBuildConfiguration;
			buildSettings = {
				ALWAYS_SEARCH_USER_PATHS = NO;
				ASSETCATALOG_COMPILER_GENERATE_SWIFT_ASSET_SYMBOL_EXTENSIONS = YES;
				CLANG_ANALYZER_NONNULL = YES;
				CLANG_ANALYZER_NUMBER_OBJECT_CONVERSION = YES_AGGRESSIVE;
				CLANG_CXX_LANGUAGE_STANDARD = "gnu++20";
				CLANG_ENABLE_MODULES = YES;
				CLANG_ENABLE_OBJC_ARC = YES;
				CLANG_ENABLE_OBJC_WEAK = YES;
				CLANG_WARN_BLOCK_CAPTURE_AUTORELEASING = YES;
				CLANG_WARN_BOOL_CONVERSION = YES;
				CLANG_WARN_COMMA = YES;
				CLANG_WARN_CONSTANT_CONVERSION = YES;
				CLANG_WARN_DEPRECATED_OBJC_IMPLEMENTATIONS = YES;
				CLANG_WARN_DIRECT_OBJC_ISA_USAGE = YES_ERROR;
				CLANG_WARN_DOCUMENTATION_COMMENTS = YES;
				CLANG_WARN_EMPTY_BODY = YES;
				CLANG_WARN_ENUM_CONVERSION = YES;
				CLANG_WARN_INFINITE_RECURSION = YES;
				CLANG_WARN_INT_CONVERSION = YES;
				CLANG_WARN_NON_LITERAL_NULL_CONVERSION = YES;
				CLANG_WARN_OBJC_IMPLICIT_RETAIN_SELF = YES;
				CLANG_WARN_OBJC_LITERAL_CONVERSION = YES;
				CLANG_WARN_OBJC_ROOT_CLASS = YES_ERROR;
				CLANG_WARN_QUOTED_INCLUDE_IN_FRAMEWORK_HEADER = YES;
				CLANG_WARN_RANGE_LOOP_ANALYSIS = YES;
				CLANG_WARN_STRICT_PROTOTYPES = YES;
				CLANG_WARN_SUSPICIOUS_MOVE = YES;
				CLANG_WARN_UNGUARDED_AVAILABILITY = YES_AGGRESSIVE;
				CLANG_WARN_UNREACHABLE_CODE = YES;
				CLANG_WARN__DUPLICATE_METHOD_MATCH = YES;
				COPY_PHASE_STRIP = NO;
				DEBUG_INFORMATION_FORMAT = "dwarf-with-dsym";
				ENABLE_NS_ASSERTIONS = NO;
				ENABLE_STRICT_OBJC_MSGSEND = YES;
				ENABLE_USER_SCRIPT_SANDBOXING = YES;
				GCC_C_LANGUAGE_STANDARD = gnu17;
				GCC_NO_COMMON_BLOCKS = YES;
				GCC_WARN_64_TO_32_BIT_CONVERSION = YES;
				GCC_WARN_ABOUT_RETURN_TYPE = YES_ERROR;
				GCC_WARN_UNDECLARED_SELECTOR = YES;
				GCC_WARN_UNINITIALIZED_AUTOS = YES_AGGRESSIVE;
				GCC_WARN_UNUSED_FUNCTION = YES;
				GCC_WARN_UNUSED_VARIABLE = YES;
				IPHONEOS_DEPLOYMENT_TARGET = 17.5;
				LOCALIZATION_PREFERS_STRING_CATALOGS = YES;
				MTL_ENABLE_DEBUG_INFO = NO;
				MTL_FAST_MATH = YES;
				SDKROOT = iphoneos;
				SWIFT_COMPILATION_MODE = wholemodule;
				VALIDATE_PRODUCT = YES;
			};
			name = Release;
		};
		C5B101042C519B7D00AFA3A1 /* Debug */ = {
			isa = XCBuildConfiguration;
			buildSettings = {
				ASSETCATALOG_COMPILER_APPICON_NAME = AppIcon;
				ASSETCATALOG_COMPILER_GLOBAL_ACCENT_COLOR_NAME = AccentColor;
				CODE_SIGN_STYLE = Automatic;
				CURRENT_PROJECT_VERSION = 1;
				DEVELOPMENT_TEAM = XV272CGUK8;
				GENERATE_INFOPLIST_FILE = YES;
				INFOPLIST_FILE = StoriMovie/Info.plist;
				INFOPLIST_KEY_LSApplicationCategoryType = "public.app-category.entertainment";
				INFOPLIST_KEY_UIApplicationSupportsIndirectInputEvents = YES;
				INFOPLIST_KEY_UILaunchStoryboardName = LaunchScreen;
				INFOPLIST_KEY_UIMainStoryboardFile = LaunchScreen;
				INFOPLIST_KEY_UISupportedInterfaceOrientations = UIInterfaceOrientationPortrait;
				INFOPLIST_KEY_UISupportedInterfaceOrientations_iPad = "UIInterfaceOrientationPortrait UIInterfaceOrientationPortraitUpsideDown";
				LD_RUNPATH_SEARCH_PATHS = (
					"$(inherited)",
					"@executable_path/Frameworks",
				);
				MARKETING_VERSION = 1.0;
				PRODUCT_BUNDLE_IDENTIFIER = com.maurzac.StoriMovie;
				PRODUCT_NAME = "$(TARGET_NAME)";
				SWIFT_EMIT_LOC_STRINGS = YES;
				SWIFT_VERSION = 5.0;
				TARGETED_DEVICE_FAMILY = "1,2";
			};
			name = Debug;
		};
		C5B101052C519B7D00AFA3A1 /* Release */ = {
			isa = XCBuildConfiguration;
			buildSettings = {
				ASSETCATALOG_COMPILER_APPICON_NAME = AppIcon;
				ASSETCATALOG_COMPILER_GLOBAL_ACCENT_COLOR_NAME = AccentColor;
				CODE_SIGN_STYLE = Automatic;
				CURRENT_PROJECT_VERSION = 1;
				DEVELOPMENT_TEAM = XV272CGUK8;
				GENERATE_INFOPLIST_FILE = YES;
				INFOPLIST_FILE = StoriMovie/Info.plist;
				INFOPLIST_KEY_LSApplicationCategoryType = "public.app-category.entertainment";
				INFOPLIST_KEY_UIApplicationSupportsIndirectInputEvents = YES;
				INFOPLIST_KEY_UILaunchStoryboardName = LaunchScreen;
				INFOPLIST_KEY_UIMainStoryboardFile = LaunchScreen;
				INFOPLIST_KEY_UISupportedInterfaceOrientations = UIInterfaceOrientationPortrait;
				INFOPLIST_KEY_UISupportedInterfaceOrientations_iPad = "UIInterfaceOrientationPortrait UIInterfaceOrientationPortraitUpsideDown";
				LD_RUNPATH_SEARCH_PATHS = (
					"$(inherited)",
					"@executable_path/Frameworks",
				);
				MARKETING_VERSION = 1.0;
				PRODUCT_BUNDLE_IDENTIFIER = com.maurzac.StoriMovie;
				PRODUCT_NAME = "$(TARGET_NAME)";
				SWIFT_EMIT_LOC_STRINGS = YES;
				SWIFT_VERSION = 5.0;
				TARGETED_DEVICE_FAMILY = "1,2";
			};
			name = Release;
		};
		C5B101072C519B7D00AFA3A1 /* Debug */ = {
			isa = XCBuildConfiguration;
			buildSettings = {
				ALWAYS_EMBED_SWIFT_STANDARD_LIBRARIES = YES;
				BUNDLE_LOADER = "$(TEST_HOST)";
				CODE_SIGN_STYLE = Automatic;
				CURRENT_PROJECT_VERSION = 1;
				DEVELOPMENT_TEAM = XV272CGUK8;
				GENERATE_INFOPLIST_FILE = YES;
				IPHONEOS_DEPLOYMENT_TARGET = 17.5;
				MARKETING_VERSION = 1.0;
				PRODUCT_BUNDLE_IDENTIFIER = com.maurzac.StoriMovieTests;
				PRODUCT_NAME = "$(TARGET_NAME)";
				SWIFT_EMIT_LOC_STRINGS = NO;
				SWIFT_VERSION = 5.0;
				TARGETED_DEVICE_FAMILY = "1,2";
				TEST_HOST = "$(BUILT_PRODUCTS_DIR)/StoriMovie.app/$(BUNDLE_EXECUTABLE_FOLDER_PATH)/StoriMovie";
			};
			name = Debug;
		};
		C5B101082C519B7D00AFA3A1 /* Release */ = {
			isa = XCBuildConfiguration;
			buildSettings = {
				ALWAYS_EMBED_SWIFT_STANDARD_LIBRARIES = YES;
				BUNDLE_LOADER = "$(TEST_HOST)";
				CODE_SIGN_STYLE = Automatic;
				CURRENT_PROJECT_VERSION = 1;
				DEVELOPMENT_TEAM = XV272CGUK8;
				GENERATE_INFOPLIST_FILE = YES;
				IPHONEOS_DEPLOYMENT_TARGET = 17.5;
				MARKETING_VERSION = 1.0;
				PRODUCT_BUNDLE_IDENTIFIER = com.maurzac.StoriMovieTests;
				PRODUCT_NAME = "$(TARGET_NAME)";
				SWIFT_EMIT_LOC_STRINGS = NO;
				SWIFT_VERSION = 5.0;
				TARGETED_DEVICE_FAMILY = "1,2";
				TEST_HOST = "$(BUILT_PRODUCTS_DIR)/StoriMovie.app/$(BUNDLE_EXECUTABLE_FOLDER_PATH)/StoriMovie";
			};
			name = Release;
		};
		C5B1010A2C519B7D00AFA3A1 /* Debug */ = {
			isa = XCBuildConfiguration;
			buildSettings = {
				ALWAYS_EMBED_SWIFT_STANDARD_LIBRARIES = YES;
				CODE_SIGN_STYLE = Automatic;
				CURRENT_PROJECT_VERSION = 1;
				DEVELOPMENT_TEAM = XV272CGUK8;
				GENERATE_INFOPLIST_FILE = YES;
				MARKETING_VERSION = 1.0;
				PRODUCT_BUNDLE_IDENTIFIER = com.maurzac.StoriMovieUITests;
				PRODUCT_NAME = "$(TARGET_NAME)";
				SWIFT_EMIT_LOC_STRINGS = NO;
				SWIFT_VERSION = 5.0;
				TARGETED_DEVICE_FAMILY = "1,2";
				TEST_TARGET_NAME = StoriMovie;
			};
			name = Debug;
		};
		C5B1010B2C519B7D00AFA3A1 /* Release */ = {
			isa = XCBuildConfiguration;
			buildSettings = {
				ALWAYS_EMBED_SWIFT_STANDARD_LIBRARIES = YES;
				CODE_SIGN_STYLE = Automatic;
				CURRENT_PROJECT_VERSION = 1;
				DEVELOPMENT_TEAM = XV272CGUK8;
				GENERATE_INFOPLIST_FILE = YES;
				MARKETING_VERSION = 1.0;
				PRODUCT_BUNDLE_IDENTIFIER = com.maurzac.StoriMovieUITests;
				PRODUCT_NAME = "$(TARGET_NAME)";
				SWIFT_EMIT_LOC_STRINGS = NO;
				SWIFT_VERSION = 5.0;
				TARGETED_DEVICE_FAMILY = "1,2";
				TEST_TARGET_NAME = StoriMovie;
			};
			name = Release;
		};
/* End XCBuildConfiguration section */

/* Begin XCConfigurationList section */
		C5B100D42C519B7C00AFA3A1 /* Build configuration list for PBXProject "StoriMovie" */ = {
			isa = XCConfigurationList;
			buildConfigurations = (
				C5B101012C519B7D00AFA3A1 /* Debug */,
				C5B101022C519B7D00AFA3A1 /* Release */,
			);
			defaultConfigurationIsVisible = 0;
			defaultConfigurationName = Release;
		};
		C5B101032C519B7D00AFA3A1 /* Build configuration list for PBXNativeTarget "StoriMovie" */ = {
			isa = XCConfigurationList;
			buildConfigurations = (
				C5B101042C519B7D00AFA3A1 /* Debug */,
				C5B101052C519B7D00AFA3A1 /* Release */,
			);
			defaultConfigurationIsVisible = 0;
			defaultConfigurationName = Release;
		};
		C5B101062C519B7D00AFA3A1 /* Build configuration list for PBXNativeTarget "StoriMovieTests" */ = {
			isa = XCConfigurationList;
			buildConfigurations = (
				C5B101072C519B7D00AFA3A1 /* Debug */,
				C5B101082C519B7D00AFA3A1 /* Release */,
			);
			defaultConfigurationIsVisible = 0;
			defaultConfigurationName = Release;
		};
		C5B101092C519B7D00AFA3A1 /* Build configuration list for PBXNativeTarget "StoriMovieUITests" */ = {
			isa = XCConfigurationList;
			buildConfigurations = (
				C5B1010A2C519B7D00AFA3A1 /* Debug */,
				C5B1010B2C519B7D00AFA3A1 /* Release */,
			);
			defaultConfigurationIsVisible = 0;
			defaultConfigurationName = Release;
		};
/* End XCConfigurationList section */
	};
	rootObject = C5B100D12C519B7C00AFA3A1 /* Project object */;
}
